
Microsoft Visual Studio Solution File, Format Version 12.00
# Visual Studio 15
VisualStudioVersion = 15.0.28010.2041
MinimumVisualStudioVersion = 10.0.40219.1
Project("{8BC9CEB8-8B4A-11D0-8D11-00A0C91BC942}") = "Capitulo5Ejercicio", "Capitulo5Ejercicio\Capitulo5Ejercicio.vcxproj", "{B311F73D-0827-454C-965E-9DE8433B296F}"
EndProject
Global
	GlobalSection(SolutionConfigurationPlatforms) = preSolution
		Debug|x64 = Debug|x64
		Debug|x86 = Debug|x86
		Release|x64 = Release|x64
		Release|x86 = Release|x86
	EndGlobalSection
	GlobalSection(ProjectConfigurationPlatforms) = postSolution
		{B311F73D-0827-454C-965E-9DE8433B296F}.Debug|x64.ActiveCfg = Debug|x64
		{B311F73D-0827-454C-965E-9DE8433B296F}.Debug|x64.Build.0 = Debug|x64
		{B311F73D-0827-454C-965E-9DE8433B296F}.Debug|x86.ActiveCfg = Debug|Win32
		{B311F73D-0827-454C-965E-9DE8433B296F}.Debug|x86.Build.0 = Debug|Win32
		{B311F73D-0827-454C-965E-9DE8433B296F}.Release|x64.ActiveCfg = Release|x64
		{B311F73D-0827-454C-965E-9DE8433B296F}.Release|x64.Build.0 = Release|x64
		{B311F73D-0827-454C-965E-9DE8433B296F}.Release|x86.ActiveCfg = Release|Win32
		{B311F73D-0827-454C-965E-9DE8433B296F}.Release|x86.Build.0 = Release|Win32
	EndGlobalSection
	GlobalSection(SolutionProperties) = preSolution
		HideSolutionNode = FALSE
	EndGlobalSection
	GlobalSection(ExtensibilityGlobals) = postSolution
		SolutionGuid = {39CFCE97-5F35-49DB-91C9-9F3DD863988C}
	EndGlobalSection
EndGlobal
